// !$*UTF8*$!
{
	archiveVersion = 1;
	classes = {
	};
	objectVersion = 46;
	objects = {

/* Begin PBXBuildFile section */
		90DD87E51BF33E9B00FBC4B7 /* AppDelegate.swift in Sources */ = {isa = PBXBuildFile; fileRef = 90DD87E41BF33E9B00FBC4B7 /* AppDelegate.swift */; };
		90DD87E71BF33E9B00FBC4B7 /* ViewController.swift in Sources */ = {isa = PBXBuildFile; fileRef = 90DD87E61BF33E9B00FBC4B7 /* ViewController.swift */; };
		90DD87EA1BF33E9B00FBC4B7 /* Main.storyboard in Resources */ = {isa = PBXBuildFile; fileRef = 90DD87E81BF33E9B00FBC4B7 /* Main.storyboard */; };
		90DD87EC1BF33E9B00FBC4B7 /* Assets.xcassets in Resources */ = {isa = PBXBuildFile; fileRef = 90DD87EB1BF33E9B00FBC4B7 /* Assets.xcassets */; };
		90DD87EF1BF33E9B00FBC4B7 /* LaunchScreen.storyboard in Resources */ = {isa = PBXBuildFile; fileRef = 90DD87ED1BF33E9B00FBC4B7 /* LaunchScreen.storyboard */; };
		90DD87FA1BF33E9B00FBC4B7 /* AnotherWeatherTests.swift in Sources */ = {isa = PBXBuildFile; fileRef = 90DD87F91BF33E9B00FBC4B7 /* AnotherWeatherTests.swift */; };
		90DD88051BF33E9B00FBC4B7 /* AnotherWeatherUITests.swift in Sources */ = {isa = PBXBuildFile; fileRef = 90DD88041BF33E9B00FBC4B7 /* AnotherWeatherUITests.swift */; };
/* End PBXBuildFile section */

/* Begin PBXContainerItemProxy section */
		90DD87F61BF33E9B00FBC4B7 /* PBXContainerItemProxy */ = {
			isa = PBXContainerItemProxy;
			containerPortal = 90DD87D91BF33E9B00FBC4B7 /* Project object */;
			proxyType = 1;
			remoteGlobalIDString = 90DD87E01BF33E9B00FBC4B7;
			remoteInfo = AnotherWeather;
		};
		90DD88011BF33E9B00FBC4B7 /* PBXContainerItemProxy */ = {
			isa = PBXContainerItemProxy;
			containerPortal = 90DD87D91BF33E9B00FBC4B7 /* Project object */;
			proxyType = 1;
			remoteGlobalIDString = 90DD87E01BF33E9B00FBC4B7;
			remoteInfo = AnotherWeather;
		};
/* End PBXContainerItemProxy section */

/* Begin PBXFileReference section */
		90DD87E11BF33E9B00FBC4B7 /* AnotherWeather.app */ = {isa = PBXFileReference; explicitFileType = wrapper.application; includeInIndex = 0; path = AnotherWeather.app; sourceTree = BUILT_PRODUCTS_DIR; };
		90DD87E41BF33E9B00FBC4B7 /* AppDelegate.swift */ = {isa = PBXFileReference; lastKnownFileType = sourcecode.swift; path = AppDelegate.swift; sourceTree = "<group>"; };
		90DD87E61BF33E9B00FBC4B7 /* ViewController.swift */ = {isa = PBXFileReference; lastKnownFileType = sourcecode.swift; path = ViewController.swift; sourceTree = "<group>"; };
		90DD87E91BF33E9B00FBC4B7 /* Base */ = {isa = PBXFileReference; lastKnownFileType = file.storyboard; name = Base; path = Base.lproj/Main.storyboard; sourceTree = "<group>"; };
		90DD87EB1BF33E9B00FBC4B7 /* Assets.xcassets */ = {isa = PBXFileReference; lastKnownFileType = folder.assetcatalog; path = Assets.xcassets; sourceTree = "<group>"; };
		90DD87EE1BF33E9B00FBC4B7 /* Base */ = {isa = PBXFileReference; lastKnownFileType = file.storyboard; name = Base; path = Base.lproj/LaunchScreen.storyboard; sourceTree = "<group>"; };
		90DD87F01BF33E9B00FBC4B7 /* Info.plist */ = {isa = PBXFileReference; lastKnownFileType = text.plist.xml; path = Info.plist; sourceTree = "<group>"; };
		90DD87F51BF33E9B00FBC4B7 /* AnotherWeatherTests.xctest */ = {isa = PBXFileReference; explicitFileType = wrapper.cfbundle; includeInIndex = 0; path = AnotherWeatherTests.xctest; sourceTree = BUILT_PRODUCTS_DIR; };
		90DD87F91BF33E9B00FBC4B7 /* AnotherWeatherTests.swift */ = {isa = PBXFileReference; lastKnownFileType = sourcecode.swift; path = AnotherWeatherTests.swift; sourceTree = "<group>"; };
		90DD87FB1BF33E9B00FBC4B7 /* Info.plist */ = {isa = PBXFileReference; lastKnownFileType = text.plist.xml; path = Info.plist; sourceTree = "<group>"; };
		90DD88001BF33E9B00FBC4B7 /* AnotherWeatherUITests.xctest */ = {isa = PBXFileReference; explicitFileType = wrapper.cfbundle; includeInIndex = 0; path = AnotherWeatherUITests.xctest; sourceTree = BUILT_PRODUCTS_DIR; };
		90DD88041BF33E9B00FBC4B7 /* AnotherWeatherUITests.swift */ = {isa = PBXFileReference; lastKnownFileType = sourcecode.swift; path = AnotherWeatherUITests.swift; sourceTree = "<group>"; };
		90DD88061BF33E9B00FBC4B7 /* Info.plist */ = {isa = PBXFileReference; lastKnownFileType = text.plist.xml; path = Info.plist; sourceTree = "<group>"; };
/* End PBXFileReference section */

/* Begin PBXFrameworksBuildPhase section */
		90DD87DE1BF33E9B00FBC4B7 /* Frameworks */ = {
			isa = PBXFrameworksBuildPhase;
			buildActionMask = 2147483647;
			files = (
			);
			runOnlyForDeploymentPostprocessing = 0;
		};
		90DD87F21BF33E9B00FBC4B7 /* Frameworks */ = {
			isa = PBXFrameworksBuildPhase;
			buildActionMask = 2147483647;
			files = (
			);
			runOnlyForDeploymentPostprocessing = 0;
		};
		90DD87FD1BF33E9B00FBC4B7 /* Frameworks */ = {
			isa = PBXFrameworksBuildPhase;
			buildActionMask = 2147483647;
			files = (
			);
			runOnlyForDeploymentPostprocessing = 0;
		};
/* End PBXFrameworksBuildPhase section */

/* Begin PBXGroup section */
		90DD87D81BF33E9B00FBC4B7 = {
			isa = PBXGroup;
			children = (
				90DD87E31BF33E9B00FBC4B7 /* AnotherWeather */,
				90DD87F81BF33E9B00FBC4B7 /* AnotherWeatherTests */,
				90DD88031BF33E9B00FBC4B7 /* AnotherWeatherUITests */,
				90DD87E21BF33E9B00FBC4B7 /* Products */,
			);
			sourceTree = "<group>";
		};
		90DD87E21BF33E9B00FBC4B7 /* Products */ = {
			isa = PBXGroup;
			children = (
				90DD87E11BF33E9B00FBC4B7 /* AnotherWeather.app */,
				90DD87F51BF33E9B00FBC4B7 /* AnotherWeatherTests.xctest */,
				90DD88001BF33E9B00FBC4B7 /* AnotherWeatherUITests.xctest */,
			);
			name = Products;
			sourceTree = "<group>";
		};
		90DD87E31BF33E9B00FBC4B7 /* AnotherWeather */ = {
			isa = PBXGroup;
			children = (
				90DD87E41BF33E9B00FBC4B7 /* AppDelegate.swift */,
				90DD87E61BF33E9B00FBC4B7 /* ViewController.swift */,
				90DD87E81BF33E9B00FBC4B7 /* Main.storyboard */,
				90DD87EB1BF33E9B00FBC4B7 /* Assets.xcassets */,
				90DD87ED1BF33E9B00FBC4B7 /* LaunchScreen.storyboard */,
				90DD87F01BF33E9B00FBC4B7 /* Info.plist */,
			);
			path = AnotherWeather;
			sourceTree = "<group>";
		};
		90DD87F81BF33E9B00FBC4B7 /* AnotherWeatherTests */ = {
			isa = PBXGroup;
			children = (
				90DD87F91BF33E9B00FBC4B7 /* AnotherWeatherTests.swift */,
				90DD87FB1BF33E9B00FBC4B7 /* Info.plist */,
			);
			path = AnotherWeatherTests;
			sourceTree = "<group>";
		};
		90DD88031BF33E9B00FBC4B7 /* AnotherWeatherUITests */ = {
			isa = PBXGroup;
			children = (
				90DD88041BF33E9B00FBC4B7 /* AnotherWeatherUITests.swift */,
				90DD88061BF33E9B00FBC4B7 /* Info.plist */,
			);
			path = AnotherWeatherUITests;
			sourceTree = "<group>";
		};
/* End PBXGroup section */

/* Begin PBXNativeTarget section */
		90DD87E01BF33E9B00FBC4B7 /* AnotherWeather */ = {
			isa = PBXNativeTarget;
			buildConfigurationList = 90DD88091BF33E9B00FBC4B7 /* Build configuration list for PBXNativeTarget "AnotherWeather" */;
			buildPhases = (
				90DD87DD1BF33E9B00FBC4B7 /* Sources */,
				90DD87DE1BF33E9B00FBC4B7 /* Frameworks */,
				90DD87DF1BF33E9B00FBC4B7 /* Resources */,
			);
			buildRules = (
			);
			dependencies = (
			);
			name = AnotherWeather;
			productName = AnotherWeather;
			productReference = 90DD87E11BF33E9B00FBC4B7 /* AnotherWeather.app */;
			productType = "com.apple.product-type.application";
		};
		90DD87F41BF33E9B00FBC4B7 /* AnotherWeatherTests */ = {
			isa = PBXNativeTarget;
			buildConfigurationList = 90DD880C1BF33E9B00FBC4B7 /* Build configuration list for PBXNativeTarget "AnotherWeatherTests" */;
			buildPhases = (
				90DD87F11BF33E9B00FBC4B7 /* Sources */,
				90DD87F21BF33E9B00FBC4B7 /* Frameworks */,
				90DD87F31BF33E9B00FBC4B7 /* Resources */,
			);
			buildRules = (
			);
			dependencies = (
				90DD87F71BF33E9B00FBC4B7 /* PBXTargetDependency */,
			);
			name = AnotherWeatherTests;
			productName = AnotherWeatherTests;
			productReference = 90DD87F51BF33E9B00FBC4B7 /* AnotherWeatherTests.xctest */;
			productType = "com.apple.product-type.bundle.unit-test";
		};
		90DD87FF1BF33E9B00FBC4B7 /* AnotherWeatherUITests */ = {
			isa = PBXNativeTarget;
			buildConfigurationList = 90DD880F1BF33E9B00FBC4B7 /* Build configuration list for PBXNativeTarget "AnotherWeatherUITests" */;
			buildPhases = (
				90DD87FC1BF33E9B00FBC4B7 /* Sources */,
				90DD87FD1BF33E9B00FBC4B7 /* Frameworks */,
				90DD87FE1BF33E9B00FBC4B7 /* Resources */,
			);
			buildRules = (
			);
			dependencies = (
				90DD88021BF33E9B00FBC4B7 /* PBXTargetDependency */,
			);
			name = AnotherWeatherUITests;
			productName = AnotherWeatherUITests;
			productReference = 90DD88001BF33E9B00FBC4B7 /* AnotherWeatherUITests.xctest */;
			productType = "com.apple.product-type.bundle.ui-testing";
		};
/* End PBXNativeTarget section */

/* Begin PBXProject section */
		90DD87D91BF33E9B00FBC4B7 /* Project object */ = {
			isa = PBXProject;
			attributes = {
				LastSwiftUpdateCheck = 0710;
				LastUpgradeCheck = 0710;
				ORGANIZATIONNAME = l3ostudio;
				TargetAttributes = {
					90DD87E01BF33E9B00FBC4B7 = {
						CreatedOnToolsVersion = 7.1.1;
					};
					90DD87F41BF33E9B00FBC4B7 = {
						CreatedOnToolsVersion = 7.1.1;
						TestTargetID = 90DD87E01BF33E9B00FBC4B7;
					};
					90DD87FF1BF33E9B00FBC4B7 = {
						CreatedOnToolsVersion = 7.1.1;
						TestTargetID = 90DD87E01BF33E9B00FBC4B7;
					};
				};
			};
			buildConfigurationList = 90DD87DC1BF33E9B00FBC4B7 /* Build configuration list for PBXProject "AnotherWeather" */;
			compatibilityVersion = "Xcode 3.2";
			developmentRegion = English;
			hasScannedForEncodings = 0;
			knownRegions = (
				en,
				Base,
			);
			mainGroup = 90DD87D81BF33E9B00FBC4B7;
			productRefGroup = 90DD87E21BF33E9B00FBC4B7 /* Products */;
			projectDirPath = "";
			projectRoot = "";
			targets = (
				90DD87E01BF33E9B00FBC4B7 /* AnotherWeather */,
				90DD87F41BF33E9B00FBC4B7 /* AnotherWeatherTests */,
				90DD87FF1BF33E9B00FBC4B7 /* AnotherWeatherUITests */,
			);
		};
/* End PBXProject section */

/* Begin PBXResourcesBuildPhase section */
		90DD87DF1BF33E9B00FBC4B7 /* Resources */ = {
			isa = PBXResourcesBuildPhase;
			buildActionMask = 2147483647;
			files = (
				90DD87EF1BF33E9B00FBC4B7 /* LaunchScreen.storyboard in Resources */,
				90DD87EC1BF33E9B00FBC4B7 /* Assets.xcassets in Resources */,
				90DD87EA1BF33E9B00FBC4B7 /* Main.storyboard in Resources */,
			);
			runOnlyForDeploymentPostprocessing = 0;
		};
		90DD87F31BF33E9B00FBC4B7 /* Resources */ = {
			isa = PBXResourcesBuildPhase;
			buildActionMask = 2147483647;
			files = (
			);
			runOnlyForDeploymentPostprocessing = 0;
		};
		90DD87FE1BF33E9B00FBC4B7 /* Resources */ = {
			isa = PBXResourcesBuildPhase;
			buildActionMask = 2147483647;
			files = (
			);
			runOnlyForDeploymentPostprocessing = 0;
		};
/* End PBXResourcesBuildPhase section */

/* Begin PBXSourcesBuildPhase section */
		90DD87DD1BF33E9B00FBC4B7 /* Sources */ = {
			isa = PBXSourcesBuildPhase;
			buildActionMask = 2147483647;
			files = (
				90DD87E71BF33E9B00FBC4B7 /* ViewController.swift in Sources */,
				90DD87E51BF33E9B00FBC4B7 /* AppDelegate.swift in Sources */,
			);
			runOnlyForDeploymentPostprocessing = 0;
		};
		90DD87F11BF33E9B00FBC4B7 /* Sources */ = {
			isa = PBXSourcesBuildPhase;
			buildActionMask = 2147483647;
			files = (
				90DD87FA1BF33E9B00FBC4B7 /* AnotherWeatherTests.swift in Sources */,
			);
			runOnlyForDeploymentPostprocessing = 0;
		};
		90DD87FC1BF33E9B00FBC4B7 /* Sources */ = {
			isa = PBXSourcesBuildPhase;
			buildActionMask = 2147483647;
			files = (
				90DD88051BF33E9B00FBC4B7 /* AnotherWeatherUITests.swift in Sources */,
			);
			runOnlyForDeploymentPostprocessing = 0;
		};
/* End PBXSourcesBuildPhase section */

/* Begin PBXTargetDependency section */
		90DD87F71BF33E9B00FBC4B7 /* PBXTargetDependency */ = {
			isa = PBXTargetDependency;
			target = 90DD87E01BF33E9B00FBC4B7 /* AnotherWeather */;
			targetProxy = 90DD87F61BF33E9B00FBC4B7 /* PBXContainerItemProxy */;
		};
		90DD88021BF33E9B00FBC4B7 /* PBXTargetDependency */ = {
			isa = PBXTargetDependency;
			target = 90DD87E01BF33E9B00FBC4B7 /* AnotherWeather */;
			targetProxy = 90DD88011BF33E9B00FBC4B7 /* PBXContainerItemProxy */;
		};
/* End PBXTargetDependency section */

/* Begin PBXVariantGroup section */
		90DD87E81BF33E9B00FBC4B7 /* Main.storyboard */ = {
			isa = PBXVariantGroup;
			children = (
				90DD87E91BF33E9B00FBC4B7 /* Base */,
			);
			name = Main.storyboard;
			sourceTree = "<group>";
		};
		90DD87ED1BF33E9B00FBC4B7 /* LaunchScreen.storyboard */ = {
			isa = PBXVariantGroup;
			children = (
				90DD87EE1BF33E9B00FBC4B7 /* Base */,
			);
			name = LaunchScreen.storyboard;
			sourceTree = "<group>";
		};
/* End PBXVariantGroup section */

/* Begin XCBuildConfiguration section */
		90DD88071BF33E9B00FBC4B7 /* Debug */ = {
			isa = XCBuildConfiguration;
			buildSettings = {
				ALWAYS_SEARCH_USER_PATHS = NO;
				CLANG_CXX_LANGUAGE_STANDARD = "gnu++0x";
				CLANG_CXX_LIBRARY = "libc++";
				CLANG_ENABLE_MODULES = YES;
				CLANG_ENABLE_OBJC_ARC = YES;
				CLANG_WARN_BOOL_CONVERSION = YES;
				CLANG_WARN_CONSTANT_CONVERSION = YES;
				CLANG_WARN_DIRECT_OBJC_ISA_USAGE = YES_ERROR;
				CLANG_WARN_EMPTY_BODY = YES;
				CLANG_WARN_ENUM_CONVERSION = YES;
				CLANG_WARN_INT_CONVERSION = YES;
				CLANG_WARN_OBJC_ROOT_CLASS = YES_ERROR;
				CLANG_WARN_UNREACHABLE_CODE = YES;
				CLANG_WARN__DUPLICATE_METHOD_MATCH = YES;
				"CODE_SIGN_IDENTITY[sdk=iphoneos*]" = "iPhone Developer";
				COPY_PHASE_STRIP = NO;
				DEBUG_INFORMATION_FORMAT = dwarf;
				ENABLE_STRICT_OBJC_MSGSEND = YES;
				ENABLE_TESTABILITY = YES;
				GCC_C_LANGUAGE_STANDARD = gnu99;
				GCC_DYNAMIC_NO_PIC = NO;
				GCC_NO_COMMON_BLOCKS = YES;
				GCC_OPTIMIZATION_LEVEL = 0;
				GCC_PREPROCESSOR_DEFINITIONS = (
					"DEBUG=1",
					"$(inherited)",
				);
				GCC_WARN_64_TO_32_BIT_CONVERSION = YES;
				GCC_WARN_ABOUT_RETURN_TYPE = YES_ERROR;
				GCC_WARN_UNDECLARED_SELECTOR = YES;
				GCC_WARN_UNINITIALIZED_AUTOS = YES_AGGRESSIVE;
				GCC_WARN_UNUSED_FUNCTION = YES;
				GCC_WARN_UNUSED_VARIABLE = YES;
				IPHONEOS_DEPLOYMENT_TARGET = 9.1;
				MTL_ENABLE_DEBUG_INFO = YES;
				ONLY_ACTIVE_ARCH = YES;
				SDKROOT = iphoneos;
				SWIFT_OPTIMIZATION_LEVEL = "-Onone";
			};
			name = Debug;
		};
		90DD88081BF33E9B00FBC4B7 /* Release */ = {
			isa = XCBuildConfiguration;
			buildSettings = {
				ALWAYS_SEARCH_USER_PATHS = NO;
				CLANG_CXX_LANGUAGE_STANDARD = "gnu++0x";
				CLANG_CXX_LIBRARY = "libc++";
				CLANG_ENABLE_MODULES = YES;
				CLANG_ENABLE_OBJC_ARC = YES;
				CLANG_WARN_BOOL_CONVERSION = YES;
				CLANG_WARN_CONSTANT_CONVERSION = YES;
				CLANG_WARN_DIRECT_OBJC_ISA_USAGE = YES_ERROR;
				CLANG_WARN_EMPTY_BODY = YES;
				CLANG_WARN_ENUM_CONVERSION = YES;
				CLANG_WARN_INT_CONVERSION = YES;
				CLANG_WARN_OBJC_ROOT_CLASS = YES_ERROR;
				CLANG_WARN_UNREACHABLE_CODE = YES;
				CLANG_WARN__DUPLICATE_METHOD_MATCH = YES;
				"CODE_SIGN_IDENTITY[sdk=iphoneos*]" = "iPhone Developer";
				COPY_PHASE_STRIP = NO;
				DEBUG_INFORMATION_FORMAT = "dwarf-with-dsym";
				ENABLE_NS_ASSERTIONS = NO;
				ENABLE_STRICT_OBJC_MSGSEND = YES;
				GCC_C_LANGUAGE_STANDARD = gnu99;
				GCC_NO_COMMON_BLOCKS = YES;
				GCC_WARN_64_TO_32_BIT_CONVERSION = YES;
				GCC_WARN_ABOUT_RETURN_TYPE = YES_ERROR;
				GCC_WARN_UNDECLARED_SELECTOR = YES;
				GCC_WARN_UNINITIALIZED_AUTOS = YES_AGGRESSIVE;
				GCC_WARN_UNUSED_FUNCTION = YES;
				GCC_WARN_UNUSED_VARIABLE = YES;
				IPHONEOS_DEPLOYMENT_TARGET = 9.1;
				MTL_ENABLE_DEBUG_INFO = NO;
				SDKROOT = iphoneos;
				VALIDATE_PRODUCT = YES;
			};
			name = Release;
		};
		90DD880A1BF33E9B00FBC4B7 /* Debug */ = {
			isa = XCBuildConfiguration;
			buildSettings = {
				ASSETCATALOG_COMPILER_APPICON_NAME = AppIcon;
				INFOPLIST_FILE = AnotherWeather/Info.plist;
				LD_RUNPATH_SEARCH_PATHS = "$(inherited) @executable_path/Frameworks";
				PRODUCT_BUNDLE_IDENTIFIER = Leo.Wei.AnotherWeather;
				PRODUCT_NAME = "$(TARGET_NAME)";
			};
			name = Debug;
		};
		90DD880B1BF33E9B00FBC4B7 /* Release */ = {
			isa = XCBuildConfiguration;
			buildSettings = {
				ASSETCATALOG_COMPILER_APPICON_NAME = AppIcon;
				INFOPLIST_FILE = AnotherWeather/Info.plist;
				LD_RUNPATH_SEARCH_PATHS = "$(inherited) @executable_path/Frameworks";
				PRODUCT_BUNDLE_IDENTIFIER = Leo.Wei.AnotherWeather;
				PRODUCT_NAME = "$(TARGET_NAME)";
			};
			name = Release;
		};
		90DD880D1BF33E9B00FBC4B7 /* Debug */ = {
			isa = XCBuildConfiguration;
			buildSettings = {
				BUNDLE_LOADER = "$(TEST_HOST)";
				INFOPLIST_FILE = AnotherWeatherTests/Info.plist;
				LD_RUNPATH_SEARCH_PATHS = "$(inherited) @executable_path/Frameworks @loader_path/Frameworks";
				PRODUCT_BUNDLE_IDENTIFIER = Leo.Wei.AnotherWeatherTests;
				PRODUCT_NAME = "$(TARGET_NAME)";
				TEST_HOST = "$(BUILT_PRODUCTS_DIR)/AnotherWeather.app/AnotherWeather";
			};
			name = Debug;
		};
		90DD880E1BF33E9B00FBC4B7 /* Release */ = {
			isa = XCBuildConfiguration;
			buildSettings = {
				BUNDLE_LOADER = "$(TEST_HOST)";
				INFOPLIST_FILE = AnotherWeatherTests/Info.plist;
				LD_RUNPATH_SEARCH_PATHS = "$(inherited) @executable_path/Frameworks @loader_path/Frameworks";
				PRODUCT_BUNDLE_IDENTIFIER = Leo.Wei.AnotherWeatherTests;
				PRODUCT_NAME = "$(TARGET_NAME)";
				TEST_HOST = "$(BUILT_PRODUCTS_DIR)/AnotherWeather.app/AnotherWeather";
			};
			name = Release;
		};
		90DD88101BF33E9B00FBC4B7 /* Debug */ = {
			isa = XCBuildConfiguration;
			buildSettings = {
				INFOPLIST_FILE = AnotherWeatherUITests/Info.plist;
				LD_RUNPATH_SEARCH_PATHS = "$(inherited) @executable_path/Frameworks @loader_path/Frameworks";
				PRODUCT_BUNDLE_IDENTIFIER = Leo.Wei.AnotherWeatherUITests;
				PRODUCT_NAME = "$(TARGET_NAME)";
				TEST_TARGET_NAME = AnotherWeather;
				USES_XCTRUNNER = YES;
			};
			name = Debug;
		};
		90DD88111BF33E9B00FBC4B7 /* Release */ = {
			isa = XCBuildConfiguration;
			buildSettings = {
				INFOPLIST_FILE = AnotherWeatherUITests/Info.plist;
				LD_RUNPATH_SEARCH_PATHS = "$(inherited) @executable_path/Frameworks @loader_path/Frameworks";
				PRODUCT_BUNDLE_IDENTIFIER = Leo.Wei.AnotherWeatherUITests;
				PRODUCT_NAME = "$(TARGET_NAME)";
				TEST_TARGET_NAME = AnotherWeather;
				USES_XCTRUNNER = YES;
			};
			name = Release;
		};
/* End XCBuildConfiguration section */

/* Begin XCConfigurationList section */
		90DD87DC1BF33E9B00FBC4B7 /* Build configuration list for PBXProject "AnotherWeather" */ = {
			isa = XCConfigurationList;
			buildConfigurations = (
				90DD88071BF33E9B00FBC4B7 /* Debug */,
				90DD88081BF33E9B00FBC4B7 /* Release */,
			);
			defaultConfigurationIsVisible = 0;
			defaultConfigurationName = Release;
		};
		90DD88091BF33E9B00FBC4B7 /* Build configuration list for PBXNativeTarget "AnotherWeather" */ = {
			isa = XCConfigurationList;
			buildConfigurations = (
				90DD880A1BF33E9B00FBC4B7 /* Debug */,
				90DD880B1BF33E9B00FBC4B7 /* Release */,
			);
			defaultConfigurationIsVisible = 0;
		};
		90DD880C1BF33E9B00FBC4B7 /* Build configuration list for PBXNativeTarget "AnotherWeatherTests" */ = {
			isa = XCConfigurationList;
			buildConfigurations = (
				90DD880D1BF33E9B00FBC4B7 /* Debug */,
				90DD880E1BF33E9B00FBC4B7 /* Release */,
			);
			defaultConfigurationIsVisible = 0;
		};
		90DD880F1BF33E9B00FBC4B7 /* Build configuration list for PBXNativeTarget "AnotherWeatherUITests" */ = {
			isa = XCConfigurationList;
			buildConfigurations = (
				90DD88101BF33E9B00FBC4B7 /* Debug */,
				90DD88111BF33E9B00FBC4B7 /* Release */,
			);
			defaultConfigurationIsVisible = 0;
		};
/* End XCConfigurationList section */
	};
	rootObject = 90DD87D91BF33E9B00FBC4B7 /* Project object */;
}
